
Microsoft Visual Studio Solution File, Format Version 12.00
# Visual Studio Version 17
VisualStudioVersion = 17.6.33801.468
MinimumVisualStudioVersion = 10.0.40219.1
Project("{FAE04EC0-301F-11D3-BF4B-00C04F79EFBC}") = "PowerplantsLoadCalculatorApi", "PowerplantsLoadCalculatorApi\PowerplantsLoadCalculatorApi.csproj", "{B716806D-4655-4DAC-96DA-0C61A2B23570}"
EndProject
Project("{FAE04EC0-301F-11D3-BF4B-00C04F79EFBC}") = "GemBAL", "GemBAL\GemBAL.csproj", "{DFDE1EE5-B387-4A9B-898C-85C16B7F33DB}"
EndProject
Project("{FAE04EC0-301F-11D3-BF4B-00C04F79EFBC}") = "GemDomain", "GemDAL\GemDomain.csproj", "{B10A47F9-118C-45A3-8E09-D0BD238DBC1F}"
EndProject
Global
	GlobalSection(SolutionConfigurationPlatforms) = preSolution
		Debug|Any CPU = Debug|Any CPU
		Release|Any CPU = Release|Any CPU
	EndGlobalSection
	GlobalSection(ProjectConfigurationPlatforms) = postSolution
		{B716806D-4655-4DAC-96DA-0C61A2B23570}.Debug|Any CPU.ActiveCfg = Debug|Any CPU
		{B716806D-4655-4DAC-96DA-0C61A2B23570}.Debug|Any CPU.Build.0 = Debug|Any CPU
		{B716806D-4655-4DAC-96DA-0C61A2B23570}.Release|Any CPU.ActiveCfg = Release|Any CPU
		{B716806D-4655-4DAC-96DA-0C61A2B23570}.Release|Any CPU.Build.0 = Release|Any CPU
		{DFDE1EE5-B387-4A9B-898C-85C16B7F33DB}.Debug|Any CPU.ActiveCfg = Debug|Any CPU
		{DFDE1EE5-B387-4A9B-898C-85C16B7F33DB}.Debug|Any CPU.Build.0 = Debug|Any CPU
		{DFDE1EE5-B387-4A9B-898C-85C16B7F33DB}.Release|Any CPU.ActiveCfg = Release|Any CPU
		{DFDE1EE5-B387-4A9B-898C-85C16B7F33DB}.Release|Any CPU.Build.0 = Release|Any CPU
		{B10A47F9-118C-45A3-8E09-D0BD238DBC1F}.Debug|Any CPU.ActiveCfg = Debug|Any CPU
		{B10A47F9-118C-45A3-8E09-D0BD238DBC1F}.Debug|Any CPU.Build.0 = Debug|Any CPU
		{B10A47F9-118C-45A3-8E09-D0BD238DBC1F}.Release|Any CPU.ActiveCfg = Release|Any CPU
		{B10A47F9-118C-45A3-8E09-D0BD238DBC1F}.Release|Any CPU.Build.0 = Release|Any CPU
	EndGlobalSection
	GlobalSection(SolutionProperties) = preSolution
		HideSolutionNode = FALSE
	EndGlobalSection
	GlobalSection(ExtensibilityGlobals) = postSolution
		SolutionGuid = {7464CA5E-904B-4F7A-ABBB-6F5362B54B50}
	EndGlobalSection
EndGlobal
